
Microsoft Visual Studio Solution File, Format Version 12.00
# Visual Studio Version 17
VisualStudioVersion = 17.14.36518.9 d17.14
MinimumVisualStudioVersion = 10.0.40219.1
Project("{FAE04EC0-301F-11D3-BF4B-00C04F79EFBC}") = "JaemyPortfolio", "JaemyPortfolio.csproj", "{5B2D1982-8E85-0A7A-0547-C50D20ED4F37}"
EndProject
Global
	GlobalSection(SolutionConfigurationPlatforms) = preSolution
		Debug|Any CPU = Debug|Any CPU
		Release|Any CPU = Release|Any CPU
	EndGlobalSection
	GlobalSection(ProjectConfigurationPlatforms) = postSolution
		{5B2D1982-8E85-0A7A-0547-C50D20ED4F37}.Debug|Any CPU.ActiveCfg = Debug|Any CPU
		{5B2D1982-8E85-0A7A-0547-C50D20ED4F37}.Debug|Any CPU.Build.0 = Debug|Any CPU
		{5B2D1982-8E85-0A7A-0547-C50D20ED4F37}.Release|Any CPU.ActiveCfg = Release|Any CPU
		{5B2D1982-8E85-0A7A-0547-C50D20ED4F37}.Release|Any CPU.Build.0 = Release|Any CPU
	EndGlobalSection
	GlobalSection(SolutionProperties) = preSolution
		HideSolutionNode = FALSE
	EndGlobalSection
	GlobalSection(ExtensibilityGlobals) = postSolution
		SolutionGuid = {980C3A13-5881-46C7-862A-8BFD070BB4DA}
	EndGlobalSection
EndGlobal
